
Microsoft Visual Studio Solution File, Format Version 12.00
# Visual Studio Version 17
VisualStudioVersion = 17.4.33213.308
MinimumVisualStudioVersion = 10.0.40219.1
Project("{9A19103F-16F7-4668-BE54-9A1E7A4F7556}") = "TimeKeeper", "TimeKeeper\TimeKeeper.csproj", "{F962F24A-D50E-4CFB-993A-6F470E305628}"
EndProject
Project("{FAE04EC0-301F-11D3-BF4B-00C04F79EFBC}") = "TimeKeeper.Tests", "TimeKeeper.Tests\TimeKeeper.Tests.csproj", "{19B1EED2-9284-4624-80CB-4A080767E2FB}"
	ProjectSection(ProjectDependencies) = postProject
		{F962F24A-D50E-4CFB-993A-6F470E305628} = {F962F24A-D50E-4CFB-993A-6F470E305628}
	EndProjectSection
EndProject
Global
	GlobalSection(SolutionConfigurationPlatforms) = preSolution
		Debug|Any CPU = Debug|Any CPU
		Release|Any CPU = Release|Any CPU
	EndGlobalSection
	GlobalSection(ProjectConfigurationPlatforms) = postSolution
		{F962F24A-D50E-4CFB-993A-6F470E305628}.Debug|Any CPU.ActiveCfg = Debug|Any CPU
		{F962F24A-D50E-4CFB-993A-6F470E305628}.Debug|Any CPU.Build.0 = Debug|Any CPU
		{F962F24A-D50E-4CFB-993A-6F470E305628}.Release|Any CPU.ActiveCfg = Release|Any CPU
		{F962F24A-D50E-4CFB-993A-6F470E305628}.Release|Any CPU.Build.0 = Release|Any CPU
		{19B1EED2-9284-4624-80CB-4A080767E2FB}.Debug|Any CPU.ActiveCfg = Debug|Any CPU
		{19B1EED2-9284-4624-80CB-4A080767E2FB}.Debug|Any CPU.Build.0 = Debug|Any CPU
		{19B1EED2-9284-4624-80CB-4A080767E2FB}.Release|Any CPU.ActiveCfg = Release|Any CPU
		{19B1EED2-9284-4624-80CB-4A080767E2FB}.Release|Any CPU.Build.0 = Release|Any CPU
	EndGlobalSection
	GlobalSection(SolutionProperties) = preSolution
		HideSolutionNode = FALSE
	EndGlobalSection
	GlobalSection(ExtensibilityGlobals) = postSolution
		SolutionGuid = {BA7D1D69-9053-43BF-8A9A-83E844AC3321}
	EndGlobalSection
EndGlobal
