
Microsoft Visual Studio Solution File, Format Version 12.00
# Visual Studio Version 17
VisualStudioVersion = 17.4.33213.308
MinimumVisualStudioVersion = 10.0.40219.1
Project("{FAE04EC0-301F-11D3-BF4B-00C04F79EFBC}") = "TimeKeeper", "TimeKeeper\TimeKeeper.csproj", "{F962F24A-D50E-4CFB-993A-6F470E305628}"
EndProject
Global
	GlobalSection(SolutionConfigurationPlatforms) = preSolution
		Debug|Any CPU = Debug|Any CPU
		Release|Any CPU = Release|Any CPU
	EndGlobalSection
	GlobalSection(ProjectConfigurationPlatforms) = postSolution
		{F962F24A-D50E-4CFB-993A-6F470E305628}.Debug|Any CPU.ActiveCfg = Debug|Any CPU
		{F962F24A-D50E-4CFB-993A-6F470E305628}.Debug|Any CPU.Build.0 = Debug|Any CPU
		{F962F24A-D50E-4CFB-993A-6F470E305628}.Release|Any CPU.ActiveCfg = Release|Any CPU
		{F962F24A-D50E-4CFB-993A-6F470E305628}.Release|Any CPU.Build.0 = Release|Any CPU
	EndGlobalSection
	GlobalSection(SolutionProperties) = preSolution
		HideSolutionNode = FALSE
	EndGlobalSection
	GlobalSection(ExtensibilityGlobals) = postSolution
		SolutionGuid = {BA7D1D69-9053-43BF-8A9A-83E844AC3321}
	EndGlobalSection
EndGlobal
